
Microsoft Visual Studio Solution File, Format Version 12.00
# Visual Studio Version 17
VisualStudioVersion = 17.8.34330.188
MinimumVisualStudioVersion = 10.0.40219.1
Project("{FAE04EC0-301F-11D3-BF4B-00C04F79EFBC}") = "Platform.Core.Auth.FunctionApp", "src\Platform.Core.Auth.FunctionApp\Platform.Core.Auth.FunctionApp.csproj", "{55155BF5-62E0-4256-B91D-6C380AF0531C}"
EndProject
Project("{2150E333-8FDC-42A3-9474-1A3956D46DE8}") = "Solution Items", "Solution Items", "{3277B4CD-16FE-4C00-B458-9F366A458E43}"
	ProjectSection(SolutionItems) = preProject
		.editorconfig = .editorconfig
	EndProjectSection
EndProject
Global
	GlobalSection(SolutionConfigurationPlatforms) = preSolution
		Debug|Any CPU = Debug|Any CPU
		Release|Any CPU = Release|Any CPU
	EndGlobalSection
	GlobalSection(ProjectConfigurationPlatforms) = postSolution
		{55155BF5-62E0-4256-B91D-6C380AF0531C}.Debug|Any CPU.ActiveCfg = Debug|Any CPU
		{55155BF5-62E0-4256-B91D-6C380AF0531C}.Debug|Any CPU.Build.0 = Debug|Any CPU
		{55155BF5-62E0-4256-B91D-6C380AF0531C}.Release|Any CPU.ActiveCfg = Release|Any CPU
		{55155BF5-62E0-4256-B91D-6C380AF0531C}.Release|Any CPU.Build.0 = Release|Any CPU
	EndGlobalSection
	GlobalSection(SolutionProperties) = preSolution
		HideSolutionNode = FALSE
	EndGlobalSection
	GlobalSection(ExtensibilityGlobals) = postSolution
		SolutionGuid = {8FD45285-A186-4C0B-9872-80B5DACAC7CE}
	EndGlobalSection
EndGlobal
